
Microsoft Visual Studio Solution File, Format Version 12.00
# Visual Studio 15
VisualStudioVersion = 15.0.28307.2092
MinimumVisualStudioVersion = 10.0.40219.1
Project("{FAE04EC0-301F-11D3-BF4B-00C04F79EFBC}") = "FiguresSquare", "FiguresSquare\FiguresSquare.csproj", "{60E175E0-8DC0-4107-AFDC-98A6E4AA7368}"
EndProject
Project("{FAE04EC0-301F-11D3-BF4B-00C04F79EFBC}") = "FiguresSquare.Domain", "FiguresSquare.Domain\FiguresSquare.Domain.csproj", "{F2086F79-2CFE-4354-9EB6-8EEA53CDC557}"
EndProject
Project("{FAE04EC0-301F-11D3-BF4B-00C04F79EFBC}") = "FigureSquare.UnitTests", "FigureSquare.UnitTests\FigureSquare.UnitTests.csproj", "{82037BFD-506B-4456-BC8B-C033C2BF3101}"
EndProject
Global
	GlobalSection(SolutionConfigurationPlatforms) = preSolution
		Debug|Any CPU = Debug|Any CPU
		Release|Any CPU = Release|Any CPU
	EndGlobalSection
	GlobalSection(ProjectConfigurationPlatforms) = postSolution
		{60E175E0-8DC0-4107-AFDC-98A6E4AA7368}.Debug|Any CPU.ActiveCfg = Debug|Any CPU
		{60E175E0-8DC0-4107-AFDC-98A6E4AA7368}.Debug|Any CPU.Build.0 = Debug|Any CPU
		{60E175E0-8DC0-4107-AFDC-98A6E4AA7368}.Release|Any CPU.ActiveCfg = Release|Any CPU
		{60E175E0-8DC0-4107-AFDC-98A6E4AA7368}.Release|Any CPU.Build.0 = Release|Any CPU
		{F2086F79-2CFE-4354-9EB6-8EEA53CDC557}.Debug|Any CPU.ActiveCfg = Debug|Any CPU
		{F2086F79-2CFE-4354-9EB6-8EEA53CDC557}.Debug|Any CPU.Build.0 = Debug|Any CPU
		{F2086F79-2CFE-4354-9EB6-8EEA53CDC557}.Release|Any CPU.ActiveCfg = Release|Any CPU
		{F2086F79-2CFE-4354-9EB6-8EEA53CDC557}.Release|Any CPU.Build.0 = Release|Any CPU
		{82037BFD-506B-4456-BC8B-C033C2BF3101}.Debug|Any CPU.ActiveCfg = Debug|Any CPU
		{82037BFD-506B-4456-BC8B-C033C2BF3101}.Debug|Any CPU.Build.0 = Debug|Any CPU
		{82037BFD-506B-4456-BC8B-C033C2BF3101}.Release|Any CPU.ActiveCfg = Release|Any CPU
		{82037BFD-506B-4456-BC8B-C033C2BF3101}.Release|Any CPU.Build.0 = Release|Any CPU
	EndGlobalSection
	GlobalSection(SolutionProperties) = preSolution
		HideSolutionNode = FALSE
	EndGlobalSection
	GlobalSection(ExtensibilityGlobals) = postSolution
		SolutionGuid = {3F1D600D-1307-442D-9A79-FD96BBD5A545}
	EndGlobalSection
EndGlobal
